langcode: en
status: true
dependencies:
  module:
    - extranet_clone_content
    - system
  theme:
    - extranet
id: itextranetpagesmenublock
theme: extranet
region: sidebar_first
weight: 0
provider: null
plugin: it_extranet_pages_menu_block
settings:
  id: it_extranet_pages_menu_block
  label: 'IT Extranet Pages Menu Block'
  provider: extranet_clone_content
  label_display: '0'
visibility:
  request_path:
    id: request_path
    pages: "/it-extranets/*\r\n/it-extranets-pages/*"
    negate: false
    context_mapping: {  }
